{
  "requires": true,
  "lockfileVersion": 1,
  "dependencies": {
    "@angular/common": {
      "version": "8.2.8",
      "resolved": "https://registry.npmjs.org/@angular/common/-/common-8.2.8.tgz",
      "integrity": "sha512-kfwf/NBWrHCusOb9JKlkAURlbeOSy3wfr2Hhj2SanudTbNpR1aInnwNYl1ZOHKSVHHvZOrpm2iuUEhDdN5DQgg==",
      "requires": {
        "tslib": "^1.9.0"
      }
    },
    "@angular/compiler": {
      "version": "8.2.8",
      "resolved": "https://registry.npmjs.org/@angular/compiler/-/compiler-8.2.8.tgz",
      "integrity": "sha512-+cSkx7Gd5srOUtj0VYVxM06LGqzZI4QPmkuu350+PLxbJke8o9bJBplCBYqf4E9riCrYLSsCFXcAQrTOL0mdtA==",
      "requires": {
        "tslib": "^1.9.0"
      }
    },
    "@angular/core": {
      "version": "8.2.8",
      "resolved": "https://registry.npmjs.org/@angular/core/-/core-8.2.8.tgz",
      "integrity": "sha512-LlHgqlDCt+vO/B6LBZtDfSrzTqaB5w/gp3ZWUVrPjeY5GDky6P0ZSVTnRL/uUi49wBFJehMaNoGEoORqnQBOLA==",
      "requires": {
        "tslib": "^1.9.0"
      }
    },
    "@angular/platform-browser": {
      "version": "8.2.8",
      "resolved": "https://registry.npmjs.org/@angular/platform-browser/-/platform-browser-8.2.8.tgz",
      "integrity": "sha512-BeKRlysfBuLar8q98soHdy/SK9lOocwWJtwnyjzun/Gl9RrWYl1SkiBrGvnY9NUdt5LxpdJcBQBfNk0yET45QQ==",
      "requires": {
        "tslib": "^1.9.0"
      }
    },
    "@angular/platform-browser-dynamic": {
      "version": "8.2.8",
      "resolved": "https://registry.npmjs.org/@angular/platform-browser-dynamic/-/platform-browser-dynamic-8.2.8.tgz",
      "integrity": "sha512-ytFRw5CVupIqg0tQPjTY7Qj3Ablvhoq5ilUEbHXmf+/3ce8e4eLQetmu5Oc8XeL3MQRByYPeFlMmAyReFauJnA==",
      "requires": {
        "tslib": "^1.9.0"
      }
    },
    "rxjs": {
      "version": "6.5.3",
      "resolved": "https://registry.npmjs.org/rxjs/-/rxjs-6.5.3.tgz",
      "integrity": "sha512-wuYsAYYFdWTAnAaPoKGNhfpWwKZbJW+HgAJ+mImp+Epl7BG8oNWBCTyRM8gba9k4lk8BgWdoYm21Mo/RYhhbgA==",
      "requires": {
        "tslib": "^1.9.0"
      }
    },
    "sl-blip": {
      "version": "http://blip.strongloop.com/zone@0.3.4",
      "integrity": "sha512-P2cdwVJOm4tOcyrc1yKyVAPIerlAcmXmbim6Y8dN8QYgUjQLVVVFPRgTngcJxCBBota6LoTqZhg5udz9mukGeA=="
    },
    "tslib": {
      "version": "1.10.0",
      "resolved": "https://registry.npmjs.org/tslib/-/tslib-1.10.0.tgz",
      "integrity": "sha512-qOebF53frne81cf0S9B41ByenJ3/IuH8yJKngAX35CmiZySA0khhkovshKK+jGCaMnVomla7gVlIcc3EvKPbTQ=="
    },
    "zone": {
      "version": "0.3.4",
      "resolved": "https://registry.npmjs.org/zone/-/zone-0.3.4.tgz",
      "integrity": "sha1-XshPKNHiYftrLpoDHMrOZOnH3ec=",
      "requires": {
        "sl-blip": "http://blip.strongloop.com/zone@0.3.4"
      }
    },
    "zone.js": {
      "version": "0.9.1",
      "resolved": "https://registry.npmjs.org/zone.js/-/zone.js-0.9.1.tgz",
      "integrity": "sha512-GkPiJL8jifSrKReKaTZ5jkhrMEgXbXYC+IPo1iquBjayRa0q86w3Dipjn8b415jpitMExe9lV8iTsv8tk3DGag=="
    }
  }
}
