
Microsoft Visual Studio Solution File, Format Version 12.00
# Visual Studio Version 16
VisualStudioVersion = 16.0.29123.88
MinimumVisualStudioVersion = 10.0.40219.1
Project("{9092AA53-FB77-4645-B42D-1CCCA6BD08BD}") = "NodejsWebApp2", "NodejsWebApp2\NodejsWebApp2.njsproj", "{1ECC0FD2-D8F7-4D5A-9999-C411F740FB7B}"
EndProject
Global
	GlobalSection(SolutionConfigurationPlatforms) = preSolution
		Debug|Any CPU = Debug|Any CPU
		Release|Any CPU = Release|Any CPU
	EndGlobalSection
	GlobalSection(ProjectConfigurationPlatforms) = postSolution
		{1ECC0FD2-D8F7-4D5A-9999-C411F740FB7B}.Debug|Any CPU.ActiveCfg = Debug|Any CPU
		{1ECC0FD2-D8F7-4D5A-9999-C411F740FB7B}.Debug|Any CPU.Build.0 = Debug|Any CPU
		{1ECC0FD2-D8F7-4D5A-9999-C411F740FB7B}.Release|Any CPU.ActiveCfg = Release|Any CPU
		{1ECC0FD2-D8F7-4D5A-9999-C411F740FB7B}.Release|Any CPU.Build.0 = Release|Any CPU
	EndGlobalSection
	GlobalSection(SolutionProperties) = preSolution
		HideSolutionNode = FALSE
	EndGlobalSection
	GlobalSection(ExtensibilityGlobals) = postSolution
		SolutionGuid = {BF200954-DB8B-447A-A8A7-446B828A5828}
	EndGlobalSection
EndGlobal
